// !$*UTF8*$!
{
	archiveVersion = 1;
	classes = {
	};
	objectVersion = 55;
	objects = {

/* Begin PBXBuildFile section */
		AC2D7BCB280E531C0044AE25 /* AppDelegate.swift in Sources */ = {isa = PBXBuildFile; fileRef = AC2D7BCA280E531C0044AE25 /* AppDelegate.swift */; };
		AC2D7BCD280E531C0044AE25 /* SceneDelegate.swift in Sources */ = {isa = PBXBuildFile; fileRef = AC2D7BCC280E531C0044AE25 /* SceneDelegate.swift */; };
		AC2D7BCF280E531C0044AE25 /* TweetViewController.swift in Sources */ = {isa = PBXBuildFile; fileRef = AC2D7BCE280E531C0044AE25 /* TweetViewController.swift */; };
		AC2D7BD2280E531C0044AE25 /* MainScreen.storyboard in Resources */ = {isa = PBXBuildFile; fileRef = AC2D7BD0280E531C0044AE25 /* MainScreen.storyboard */; };
		AC2D7BD4280E53210044AE25 /* Assets.xcassets in Resources */ = {isa = PBXBuildFile; fileRef = AC2D7BD3280E53210044AE25 /* Assets.xcassets */; };
		AC2D7BD7280E53210044AE25 /* LaunchScreen.storyboard in Resources */ = {isa = PBXBuildFile; fileRef = AC2D7BD5280E53210044AE25 /* LaunchScreen.storyboard */; };
		AC2D7BE2280E53220044AE25 /* wechat_momentsTests.swift in Sources */ = {isa = PBXBuildFile; fileRef = AC2D7BE1280E53220044AE25 /* wechat_momentsTests.swift */; };
		AC2D7BEC280E53220044AE25 /* wechat_momentsUITests.swift in Sources */ = {isa = PBXBuildFile; fileRef = AC2D7BEB280E53220044AE25 /* wechat_momentsUITests.swift */; };
		AC2D7BEE280E53220044AE25 /* wechat_momentsUITestsLaunchTests.swift in Sources */ = {isa = PBXBuildFile; fileRef = AC2D7BED280E53220044AE25 /* wechat_momentsUITestsLaunchTests.swift */; };
		AC2D7BFD280E53A00044AE25 /* Tweet.swift in Sources */ = {isa = PBXBuildFile; fileRef = AC2D7BFC280E53A00044AE25 /* Tweet.swift */; };
		AC2D7BFF280E9B9C0044AE25 /* TweetViewModel.swift in Sources */ = {isa = PBXBuildFile; fileRef = AC2D7BFE280E9B9C0044AE25 /* TweetViewModel.swift */; };
		AC2D7C03280FAD2C0044AE25 /* TweetCell.swift in Sources */ = {isa = PBXBuildFile; fileRef = AC2D7C02280FAD2C0044AE25 /* TweetCell.swift */; };
		AC5A143A287D152600F3A340 /* ImageViewController.swift in Sources */ = {isa = PBXBuildFile; fileRef = AC5A1439287D152600F3A340 /* ImageViewController.swift */; };
		AC5A143C287D44B500F3A340 /* ImageCell.swift in Sources */ = {isa = PBXBuildFile; fileRef = AC5A143B287D44B500F3A340 /* ImageCell.swift */; };
		AC5A1440287FAC2800F3A340 /* ImageViewModel.swift in Sources */ = {isa = PBXBuildFile; fileRef = AC5A143F287FAC2800F3A340 /* ImageViewModel.swift */; };
		AC5A14442892212900F3A340 /* UINavigationController.swift in Sources */ = {isa = PBXBuildFile; fileRef = AC5A14432892212800F3A340 /* UINavigationController.swift */; };
		AC60A0392823731C00BF2489 /* HeaderView.swift in Sources */ = {isa = PBXBuildFile; fileRef = AC60A0382823731C00BF2489 /* HeaderView.swift */; };
		AC872EA82845E4BF0096E3C2 /* Network.swift in Sources */ = {isa = PBXBuildFile; fileRef = AC872EA72845E4BF0096E3C2 /* Network.swift */; };
		AC872EAF2846FCDD0096E3C2 /* ViewModel.swift in Sources */ = {isa = PBXBuildFile; fileRef = AC872EAE2846FCDD0096E3C2 /* ViewModel.swift */; };
		ACB3036F282A36CC0075662E /* WechatView.swift in Sources */ = {isa = PBXBuildFile; fileRef = ACB3036E282A36CC0075662E /* WechatView.swift */; };
/* End PBXBuildFile section */

/* Begin PBXContainerItemProxy section */
		AC2D7BDE280E53220044AE25 /* PBXContainerItemProxy */ = {
			isa = PBXContainerItemProxy;
			containerPortal = AC2D7BBF280E531C0044AE25 /* Project object */;
			proxyType = 1;
			remoteGlobalIDString = AC2D7BC6280E531C0044AE25;
			remoteInfo = wechat_moments;
		};
		AC2D7BE8280E53220044AE25 /* PBXContainerItemProxy */ = {
			isa = PBXContainerItemProxy;
			containerPortal = AC2D7BBF280E531C0044AE25 /* Project object */;
			proxyType = 1;
			remoteGlobalIDString = AC2D7BC6280E531C0044AE25;
			remoteInfo = wechat_moments;
		};
/* End PBXContainerItemProxy section */

/* Begin PBXFileReference section */
		092E53D4ED9DB2C808164696 /* Pods-wechat_moments.debug.xcconfig */ = {isa = PBXFileReference; includeInIndex = 1; lastKnownFileType = text.xcconfig; name = "Pods-wechat_moments.debug.xcconfig"; path = "Target Support Files/Pods-wechat_moments/Pods-wechat_moments.debug.xcconfig"; sourceTree = "<group>"; };
		2DFF41164EFF3B3EF377A1BA /* Pods-wechat_momentsTests.release.xcconfig */ = {isa = PBXFileReference; includeInIndex = 1; lastKnownFileType = text.xcconfig; name = "Pods-wechat_momentsTests.release.xcconfig"; path = "Target Support Files/Pods-wechat_momentsTests/Pods-wechat_momentsTests.release.xcconfig"; sourceTree = "<group>"; };
		367037EA6F2DDAFCB0AC29BC /* Pods-wechat_moments.release.xcconfig */ = {isa = PBXFileReference; includeInIndex = 1; lastKnownFileType = text.xcconfig; name = "Pods-wechat_moments.release.xcconfig"; path = "Target Support Files/Pods-wechat_moments/Pods-wechat_moments.release.xcconfig"; sourceTree = "<group>"; };
		3D83B14C420EAC0390CFC8FA /* Pods-wechat_moments-wechat_momentsUITests.debug.xcconfig */ = {isa = PBXFileReference; includeInIndex = 1; lastKnownFileType = text.xcconfig; name = "Pods-wechat_moments-wechat_momentsUITests.debug.xcconfig"; path = "Target Support Files/Pods-wechat_moments-wechat_momentsUITests/Pods-wechat_moments-wechat_momentsUITests.debug.xcconfig"; sourceTree = "<group>"; };
		829DC68F72A19FC84B774A86 /* Pods-wechat_momentsTests.debug.xcconfig */ = {isa = PBXFileReference; includeInIndex = 1; lastKnownFileType = text.xcconfig; name = "Pods-wechat_momentsTests.debug.xcconfig"; path = "Target Support Files/Pods-wechat_momentsTests/Pods-wechat_momentsTests.debug.xcconfig"; sourceTree = "<group>"; };
		AC2D7BC7280E531C0044AE25 /* wechat_moments.app */ = {isa = PBXFileReference; explicitFileType = wrapper.application; includeInIndex = 0; path = wechat_moments.app; sourceTree = BUILT_PRODUCTS_DIR; };
		AC2D7BCA280E531C0044AE25 /* AppDelegate.swift */ = {isa = PBXFileReference; lastKnownFileType = sourcecode.swift; path = AppDelegate.swift; sourceTree = "<group>"; };
		AC2D7BCC280E531C0044AE25 /* SceneDelegate.swift */ = {isa = PBXFileReference; lastKnownFileType = sourcecode.swift; path = SceneDelegate.swift; sourceTree = "<group>"; };
		AC2D7BCE280E531C0044AE25 /* TweetViewController.swift */ = {isa = PBXFileReference; lastKnownFileType = sourcecode.swift; path = TweetViewController.swift; sourceTree = "<group>"; };
		AC2D7BD1280E531C0044AE25 /* Base */ = {isa = PBXFileReference; lastKnownFileType = file.storyboard; name = Base; path = Base.lproj/MainScreen.storyboard; sourceTree = "<group>"; };
		AC2D7BD3280E53210044AE25 /* Assets.xcassets */ = {isa = PBXFileReference; lastKnownFileType = folder.assetcatalog; path = Assets.xcassets; sourceTree = "<group>"; };
		AC2D7BD6280E53210044AE25 /* Base */ = {isa = PBXFileReference; lastKnownFileType = file.storyboard; name = Base; path = Base.lproj/LaunchScreen.storyboard; sourceTree = "<group>"; };
		AC2D7BD8280E53210044AE25 /* Info.plist */ = {isa = PBXFileReference; lastKnownFileType = text.plist.xml; path = Info.plist; sourceTree = "<group>"; };
		AC2D7BDD280E53220044AE25 /* wechat_momentsTests.xctest */ = {isa = PBXFileReference; explicitFileType = wrapper.cfbundle; includeInIndex = 0; path = wechat_momentsTests.xctest; sourceTree = BUILT_PRODUCTS_DIR; };
		AC2D7BE1280E53220044AE25 /* wechat_momentsTests.swift */ = {isa = PBXFileReference; lastKnownFileType = sourcecode.swift; path = wechat_momentsTests.swift; sourceTree = "<group>"; };
		AC2D7BE7280E53220044AE25 /* wechat_momentsUITests.xctest */ = {isa = PBXFileReference; explicitFileType = wrapper.cfbundle; includeInIndex = 0; path = wechat_momentsUITests.xctest; sourceTree = BUILT_PRODUCTS_DIR; };
		AC2D7BEB280E53220044AE25 /* wechat_momentsUITests.swift */ = {isa = PBXFileReference; lastKnownFileType = sourcecode.swift; path = wechat_momentsUITests.swift; sourceTree = "<group>"; };
		AC2D7BED280E53220044AE25 /* wechat_momentsUITestsLaunchTests.swift */ = {isa = PBXFileReference; lastKnownFileType = sourcecode.swift; path = wechat_momentsUITestsLaunchTests.swift; sourceTree = "<group>"; };
		AC2D7BFC280E53A00044AE25 /* Tweet.swift */ = {isa = PBXFileReference; lastKnownFileType = sourcecode.swift; path = Tweet.swift; sourceTree = "<group>"; };
		AC2D7BFE280E9B9C0044AE25 /* TweetViewModel.swift */ = {isa = PBXFileReference; lastKnownFileType = sourcecode.swift; path = TweetViewModel.swift; sourceTree = "<group>"; };
		AC2D7C02280FAD2C0044AE25 /* TweetCell.swift */ = {isa = PBXFileReference; lastKnownFileType = sourcecode.swift; path = TweetCell.swift; sourceTree = "<group>"; };
		AC5A1439287D152600F3A340 /* ImageViewController.swift */ = {isa = PBXFileReference; lastKnownFileType = sourcecode.swift; path = ImageViewController.swift; sourceTree = "<group>"; };
		AC5A143B287D44B500F3A340 /* ImageCell.swift */ = {isa = PBXFileReference; lastKnownFileType = sourcecode.swift; path = ImageCell.swift; sourceTree = "<group>"; };
		AC5A143F287FAC2800F3A340 /* ImageViewModel.swift */ = {isa = PBXFileReference; lastKnownFileType = sourcecode.swift; path = ImageViewModel.swift; sourceTree = "<group>"; };
		AC5A14432892212800F3A340 /* UINavigationController.swift */ = {isa = PBXFileReference; lastKnownFileType = sourcecode.swift; path = UINavigationController.swift; sourceTree = "<group>"; };
		AC60A0382823731C00BF2489 /* HeaderView.swift */ = {isa = PBXFileReference; lastKnownFileType = sourcecode.swift; path = HeaderView.swift; sourceTree = "<group>"; };
		AC872EA72845E4BF0096E3C2 /* Network.swift */ = {isa = PBXFileReference; lastKnownFileType = sourcecode.swift; path = Network.swift; sourceTree = "<group>"; };
		AC872EAE2846FCDD0096E3C2 /* ViewModel.swift */ = {isa = PBXFileReference; lastKnownFileType = sourcecode.swift; path = ViewModel.swift; sourceTree = "<group>"; };
		ACB3036E282A36CC0075662E /* WechatView.swift */ = {isa = PBXFileReference; lastKnownFileType = sourcecode.swift; path = WechatView.swift; sourceTree = "<group>"; };
		F241936CB0ADC6CCB9B41FD1 /* Pods-wechat_moments-wechat_momentsUITests.release.xcconfig */ = {isa = PBXFileReference; includeInIndex = 1; lastKnownFileType = text.xcconfig; name = "Pods-wechat_moments-wechat_momentsUITests.release.xcconfig"; path = "Target Support Files/Pods-wechat_moments-wechat_momentsUITests/Pods-wechat_moments-wechat_momentsUITests.release.xcconfig"; sourceTree = "<group>"; };
/* End PBXFileReference section */

/* Begin PBXFrameworksBuildPhase section */
		AC2D7BC4280E531C0044AE25 /* Frameworks */ = {
			isa = PBXFrameworksBuildPhase;
			buildActionMask = 2147483647;
			files = (
			);
			runOnlyForDeploymentPostprocessing = 0;
		};
		AC2D7BDA280E53220044AE25 /* Frameworks */ = {
			isa = PBXFrameworksBuildPhase;
			buildActionMask = 2147483647;
			files = (
			);
			runOnlyForDeploymentPostprocessing = 0;
		};
		AC2D7BE4280E53220044AE25 /* Frameworks */ = {
			isa = PBXFrameworksBuildPhase;
			buildActionMask = 2147483647;
			files = (
			);
			runOnlyForDeploymentPostprocessing = 0;
		};
/* End PBXFrameworksBuildPhase section */

/* Begin PBXGroup section */
		AC2D7BBE280E531C0044AE25 = {
			isa = PBXGroup;
			children = (
				AC2D7BC9280E531C0044AE25 /* wechat_moments */,
				AC2D7BE0280E53220044AE25 /* wechat_momentsTests */,
				AC2D7BEA280E53220044AE25 /* wechat_momentsUITests */,
				AC2D7BC8280E531C0044AE25 /* Products */,
				B47EEED5B159E4DEF36B1981 /* Pods */,
			);
			sourceTree = "<group>";
		};
		AC2D7BC8280E531C0044AE25 /* Products */ = {
			isa = PBXGroup;
			children = (
				AC2D7BC7280E531C0044AE25 /* wechat_moments.app */,
				AC2D7BDD280E53220044AE25 /* wechat_momentsTests.xctest */,
				AC2D7BE7280E53220044AE25 /* wechat_momentsUITests.xctest */,
			);
			name = Products;
			sourceTree = "<group>";
		};
		AC2D7BC9280E531C0044AE25 /* wechat_moments */ = {
			isa = PBXGroup;
			children = (
				ACEE6A042875266C00B48042 /* Model */,
				ACEE6A032875264500B48042 /* View */,
				AC872EAB28460DD00096E3C2 /* ViewModel */,
				AC2D7BCA280E531C0044AE25 /* AppDelegate.swift */,
				AC872EAE2846FCDD0096E3C2 /* ViewModel.swift */,
				AC872EA72845E4BF0096E3C2 /* Network.swift */,
				AC2D7BCC280E531C0044AE25 /* SceneDelegate.swift */,
				AC2D7BD3280E53210044AE25 /* Assets.xcassets */,
				AC2D7BD0280E531C0044AE25 /* MainScreen.storyboard */,
				AC2D7BD5280E53210044AE25 /* LaunchScreen.storyboard */,
				AC2D7BD8280E53210044AE25 /* Info.plist */,
			);
			path = wechat_moments;
			sourceTree = "<group>";
		};
		AC2D7BE0280E53220044AE25 /* wechat_momentsTests */ = {
			isa = PBXGroup;
			children = (
				AC2D7BE1280E53220044AE25 /* wechat_momentsTests.swift */,
			);
			path = wechat_momentsTests;
			sourceTree = "<group>";
		};
		AC2D7BEA280E53220044AE25 /* wechat_momentsUITests */ = {
			isa = PBXGroup;
			children = (
				AC2D7BEB280E53220044AE25 /* wechat_momentsUITests.swift */,
				AC2D7BED280E53220044AE25 /* wechat_momentsUITestsLaunchTests.swift */,
			);
			path = wechat_momentsUITests;
			sourceTree = "<group>";
		};
		AC872EAB28460DD00096E3C2 /* ViewModel */ = {
			isa = PBXGroup;
			children = (
				AC2D7BFE280E9B9C0044AE25 /* TweetViewModel.swift */,
				AC5A143F287FAC2800F3A340 /* ImageViewModel.swift */,
			);
			path = ViewModel;
			sourceTree = "<group>";
		};
		ACEE6A032875264500B48042 /* View */ = {
			isa = PBXGroup;
			children = (
				AC60A0382823731C00BF2489 /* HeaderView.swift */,
				ACB3036E282A36CC0075662E /* WechatView.swift */,
				AC2D7C02280FAD2C0044AE25 /* TweetCell.swift */,
				AC2D7BCE280E531C0044AE25 /* TweetViewController.swift */,
				AC5A1439287D152600F3A340 /* ImageViewController.swift */,
				AC5A143B287D44B500F3A340 /* ImageCell.swift */,
				AC5A14432892212800F3A340 /* UINavigationController.swift */,
			);
			path = View;
			sourceTree = "<group>";
		};
		ACEE6A042875266C00B48042 /* Model */ = {
			isa = PBXGroup;
			children = (
				AC2D7BFC280E53A00044AE25 /* Tweet.swift */,
			);
			path = Model;
			sourceTree = "<group>";
		};
		B47EEED5B159E4DEF36B1981 /* Pods */ = {
			isa = PBXGroup;
			children = (
				092E53D4ED9DB2C808164696 /* Pods-wechat_moments.debug.xcconfig */,
				367037EA6F2DDAFCB0AC29BC /* Pods-wechat_moments.release.xcconfig */,
				3D83B14C420EAC0390CFC8FA /* Pods-wechat_moments-wechat_momentsUITests.debug.xcconfig */,
				F241936CB0ADC6CCB9B41FD1 /* Pods-wechat_moments-wechat_momentsUITests.release.xcconfig */,
				829DC68F72A19FC84B774A86 /* Pods-wechat_momentsTests.debug.xcconfig */,
				2DFF41164EFF3B3EF377A1BA /* Pods-wechat_momentsTests.release.xcconfig */,
			);
			path = Pods;
			sourceTree = "<group>";
		};
/* End PBXGroup section */

/* Begin PBXNativeTarget section */
		AC2D7BC6280E531C0044AE25 /* wechat_moments */ = {
			isa = PBXNativeTarget;
			buildConfigurationList = AC2D7BF1280E53220044AE25 /* Build configuration list for PBXNativeTarget "wechat_moments" */;
			buildPhases = (
				A653C864CFB0007CEFDA17ED /* [CP] Check Pods Manifest.lock */,
				AC2D7BC3280E531C0044AE25 /* Sources */,
				AC2D7BC4280E531C0044AE25 /* Frameworks */,
				AC2D7BC5280E531C0044AE25 /* Resources */,
			);
			buildRules = (
			);
			dependencies = (
			);
			name = wechat_moments;
			productName = wechat_moments;
			productReference = AC2D7BC7280E531C0044AE25 /* wechat_moments.app */;
			productType = "com.apple.product-type.application";
		};
		AC2D7BDC280E53220044AE25 /* wechat_momentsTests */ = {
			isa = PBXNativeTarget;
			buildConfigurationList = AC2D7BF4280E53220044AE25 /* Build configuration list for PBXNativeTarget "wechat_momentsTests" */;
			buildPhases = (
				2D83C3D601676D897017A402 /* [CP] Check Pods Manifest.lock */,
				AC2D7BD9280E53220044AE25 /* Sources */,
				AC2D7BDA280E53220044AE25 /* Frameworks */,
				AC2D7BDB280E53220044AE25 /* Resources */,
			);
			buildRules = (
			);
			dependencies = (
				AC2D7BDF280E53220044AE25 /* PBXTargetDependency */,
			);
			name = wechat_momentsTests;
			productName = wechat_momentsTests;
			productReference = AC2D7BDD280E53220044AE25 /* wechat_momentsTests.xctest */;
			productType = "com.apple.product-type.bundle.unit-test";
		};
		AC2D7BE6280E53220044AE25 /* wechat_momentsUITests */ = {
			isa = PBXNativeTarget;
			buildConfigurationList = AC2D7BF7280E53220044AE25 /* Build configuration list for PBXNativeTarget "wechat_momentsUITests" */;
			buildPhases = (
				0D2636235BB96E0B1F1A722E /* [CP] Check Pods Manifest.lock */,
				AC2D7BE3280E53220044AE25 /* Sources */,
				AC2D7BE4280E53220044AE25 /* Frameworks */,
				AC2D7BE5280E53220044AE25 /* Resources */,
			);
			buildRules = (
			);
			dependencies = (
				AC2D7BE9280E53220044AE25 /* PBXTargetDependency */,
			);
			name = wechat_momentsUITests;
			productName = wechat_momentsUITests;
			productReference = AC2D7BE7280E53220044AE25 /* wechat_momentsUITests.xctest */;
			productType = "com.apple.product-type.bundle.ui-testing";
		};
/* End PBXNativeTarget section */

/* Begin PBXProject section */
		AC2D7BBF280E531C0044AE25 /* Project object */ = {
			isa = PBXProject;
			attributes = {
				BuildIndependentTargetsInParallel = 1;
				LastSwiftUpdateCheck = 1320;
				LastUpgradeCheck = 1320;
				TargetAttributes = {
					AC2D7BC6280E531C0044AE25 = {
						CreatedOnToolsVersion = 13.2.1;
					};
					AC2D7BDC280E53220044AE25 = {
						CreatedOnToolsVersion = 13.2.1;
						TestTargetID = AC2D7BC6280E531C0044AE25;
					};
					AC2D7BE6280E53220044AE25 = {
						CreatedOnToolsVersion = 13.2.1;
						TestTargetID = AC2D7BC6280E531C0044AE25;
					};
				};
			};
			buildConfigurationList = AC2D7BC2280E531C0044AE25 /* Build configuration list for PBXProject "wechat_moments" */;
			compatibilityVersion = "Xcode 13.0";
			developmentRegion = en;
			hasScannedForEncodings = 0;
			knownRegions = (
				en,
				Base,
			);
			mainGroup = AC2D7BBE280E531C0044AE25;
			productRefGroup = AC2D7BC8280E531C0044AE25 /* Products */;
			projectDirPath = "";
			projectRoot = "";
			targets = (
				AC2D7BC6280E531C0044AE25 /* wechat_moments */,
				AC2D7BDC280E53220044AE25 /* wechat_momentsTests */,
				AC2D7BE6280E53220044AE25 /* wechat_momentsUITests */,
			);
		};
/* End PBXProject section */

/* Begin PBXResourcesBuildPhase section */
		AC2D7BC5280E531C0044AE25 /* Resources */ = {
			isa = PBXResourcesBuildPhase;
			buildActionMask = 2147483647;
			files = (
				AC2D7BD7280E53210044AE25 /* LaunchScreen.storyboard in Resources */,
				AC2D7BD4280E53210044AE25 /* Assets.xcassets in Resources */,
				AC2D7BD2280E531C0044AE25 /* MainScreen.storyboard in Resources */,
			);
			runOnlyForDeploymentPostprocessing = 0;
		};
		AC2D7BDB280E53220044AE25 /* Resources */ = {
			isa = PBXResourcesBuildPhase;
			buildActionMask = 2147483647;
			files = (
			);
			runOnlyForDeploymentPostprocessing = 0;
		};
		AC2D7BE5280E53220044AE25 /* Resources */ = {
			isa = PBXResourcesBuildPhase;
			buildActionMask = 2147483647;
			files = (
			);
			runOnlyForDeploymentPostprocessing = 0;
		};
/* End PBXResourcesBuildPhase section */

/* Begin PBXShellScriptBuildPhase section */
		0D2636235BB96E0B1F1A722E /* [CP] Check Pods Manifest.lock */ = {
			isa = PBXShellScriptBuildPhase;
			buildActionMask = 2147483647;
			files = (
			);
			inputFileListPaths = (
			);
			inputPaths = (
				"${PODS_PODFILE_DIR_PATH}/Podfile.lock",
				"${PODS_ROOT}/Manifest.lock",
			);
			name = "[CP] Check Pods Manifest.lock";
			outputFileListPaths = (
			);
			outputPaths = (
				"$(DERIVED_FILE_DIR)/Pods-wechat_moments-wechat_momentsUITests-checkManifestLockResult.txt",
			);
			runOnlyForDeploymentPostprocessing = 0;
			shellPath = /bin/sh;
			shellScript = "diff \"${PODS_PODFILE_DIR_PATH}/Podfile.lock\" \"${PODS_ROOT}/Manifest.lock\" > /dev/null\nif [ $? != 0 ] ; then\n    # print error to STDERR\n    echo \"error: The sandbox is not in sync with the Podfile.lock. Run 'pod install' or update your CocoaPods installation.\" >&2\n    exit 1\nfi\n# This output is used by Xcode 'outputs' to avoid re-running this script phase.\necho \"SUCCESS\" > \"${SCRIPT_OUTPUT_FILE_0}\"\n";
			showEnvVarsInLog = 0;
		};
		2D83C3D601676D897017A402 /* [CP] Check Pods Manifest.lock */ = {
			isa = PBXShellScriptBuildPhase;
			buildActionMask = 2147483647;
			files = (
			);
			inputFileListPaths = (
			);
			inputPaths = (
				"${PODS_PODFILE_DIR_PATH}/Podfile.lock",
				"${PODS_ROOT}/Manifest.lock",
			);
			name = "[CP] Check Pods Manifest.lock";
			outputFileListPaths = (
			);
			outputPaths = (
				"$(DERIVED_FILE_DIR)/Pods-wechat_momentsTests-checkManifestLockResult.txt",
			);
			runOnlyForDeploymentPostprocessing = 0;
			shellPath = /bin/sh;
			shellScript = "diff \"${PODS_PODFILE_DIR_PATH}/Podfile.lock\" \"${PODS_ROOT}/Manifest.lock\" > /dev/null\nif [ $? != 0 ] ; then\n    # print error to STDERR\n    echo \"error: The sandbox is not in sync with the Podfile.lock. Run 'pod install' or update your CocoaPods installation.\" >&2\n    exit 1\nfi\n# This output is used by Xcode 'outputs' to avoid re-running this script phase.\necho \"SUCCESS\" > \"${SCRIPT_OUTPUT_FILE_0}\"\n";
			showEnvVarsInLog = 0;
		};
		A653C864CFB0007CEFDA17ED /* [CP] Check Pods Manifest.lock */ = {
			isa = PBXShellScriptBuildPhase;
			buildActionMask = 2147483647;
			files = (
			);
			inputFileListPaths = (
			);
			inputPaths = (
				"${PODS_PODFILE_DIR_PATH}/Podfile.lock",
				"${PODS_ROOT}/Manifest.lock",
			);
			name = "[CP] Check Pods Manifest.lock";
			outputFileListPaths = (
			);
			outputPaths = (
				"$(DERIVED_FILE_DIR)/Pods-wechat_moments-checkManifestLockResult.txt",
			);
			runOnlyForDeploymentPostprocessing = 0;
			shellPath = /bin/sh;
			shellScript = "diff \"${PODS_PODFILE_DIR_PATH}/Podfile.lock\" \"${PODS_ROOT}/Manifest.lock\" > /dev/null\nif [ $? != 0 ] ; then\n    # print error to STDERR\n    echo \"error: The sandbox is not in sync with the Podfile.lock. Run 'pod install' or update your CocoaPods installation.\" >&2\n    exit 1\nfi\n# This output is used by Xcode 'outputs' to avoid re-running this script phase.\necho \"SUCCESS\" > \"${SCRIPT_OUTPUT_FILE_0}\"\n";
			showEnvVarsInLog = 0;
		};
/* End PBXShellScriptBuildPhase section */

/* Begin PBXSourcesBuildPhase section */
		AC2D7BC3280E531C0044AE25 /* Sources */ = {
			isa = PBXSourcesBuildPhase;
			buildActionMask = 2147483647;
			files = (
				AC2D7BFF280E9B9C0044AE25 /* TweetViewModel.swift in Sources */,
				AC2D7C03280FAD2C0044AE25 /* TweetCell.swift in Sources */,
				AC872EAF2846FCDD0096E3C2 /* ViewModel.swift in Sources */,
				AC2D7BCF280E531C0044AE25 /* TweetViewController.swift in Sources */,
				AC2D7BFD280E53A00044AE25 /* Tweet.swift in Sources */,
				AC2D7BCB280E531C0044AE25 /* AppDelegate.swift in Sources */,
				AC5A143C287D44B500F3A340 /* ImageCell.swift in Sources */,
				AC872EA82845E4BF0096E3C2 /* Network.swift in Sources */,
				ACB3036F282A36CC0075662E /* WechatView.swift in Sources */,
				AC2D7BCD280E531C0044AE25 /* SceneDelegate.swift in Sources */,
				AC5A143A287D152600F3A340 /* ImageViewController.swift in Sources */,
				AC60A0392823731C00BF2489 /* HeaderView.swift in Sources */,
				AC5A1440287FAC2800F3A340 /* ImageViewModel.swift in Sources */,
				AC5A14442892212900F3A340 /* UINavigationController.swift in Sources */,
			);
			runOnlyForDeploymentPostprocessing = 0;
		};
		AC2D7BD9280E53220044AE25 /* Sources */ = {
			isa = PBXSourcesBuildPhase;
			buildActionMask = 2147483647;
			files = (
				AC2D7BE2280E53220044AE25 /* wechat_momentsTests.swift in Sources */,
			);
			runOnlyForDeploymentPostprocessing = 0;
		};
		AC2D7BE3280E53220044AE25 /* Sources */ = {
			isa = PBXSourcesBuildPhase;
			buildActionMask = 2147483647;
			files = (
				AC2D7BEE280E53220044AE25 /* wechat_momentsUITestsLaunchTests.swift in Sources */,
				AC2D7BEC280E53220044AE25 /* wechat_momentsUITests.swift in Sources */,
			);
			runOnlyForDeploymentPostprocessing = 0;
		};
/* End PBXSourcesBuildPhase section */

/* Begin PBXTargetDependency section */
		AC2D7BDF280E53220044AE25 /* PBXTargetDependency */ = {
			isa = PBXTargetDependency;
			target = AC2D7BC6280E531C0044AE25 /* wechat_moments */;
			targetProxy = AC2D7BDE280E53220044AE25 /* PBXContainerItemProxy */;
		};
		AC2D7BE9280E53220044AE25 /* PBXTargetDependency */ = {
			isa = PBXTargetDependency;
			target = AC2D7BC6280E531C0044AE25 /* wechat_moments */;
			targetProxy = AC2D7BE8280E53220044AE25 /* PBXContainerItemProxy */;
		};
/* End PBXTargetDependency section */

/* Begin PBXVariantGroup section */
		AC2D7BD0280E531C0044AE25 /* MainScreen.storyboard */ = {
			isa = PBXVariantGroup;
			children = (
				AC2D7BD1280E531C0044AE25 /* Base */,
			);
			name = MainScreen.storyboard;
			sourceTree = "<group>";
		};
		AC2D7BD5280E53210044AE25 /* LaunchScreen.storyboard */ = {
			isa = PBXVariantGroup;
			children = (
				AC2D7BD6280E53210044AE25 /* Base */,
			);
			name = LaunchScreen.storyboard;
			sourceTree = "<group>";
		};
/* End PBXVariantGroup section */

/* Begin XCBuildConfiguration section */
		AC2D7BEF280E53220044AE25 /* Debug */ = {
			isa = XCBuildConfiguration;
			buildSettings = {
				ALWAYS_SEARCH_USER_PATHS = NO;
				CLANG_ANALYZER_NONNULL = YES;
				CLANG_ANALYZER_NUMBER_OBJECT_CONVERSION = YES_AGGRESSIVE;
				CLANG_CXX_LANGUAGE_STANDARD = "gnu++17";
				CLANG_CXX_LIBRARY = "libc++";
				CLANG_ENABLE_MODULES = YES;
				CLANG_ENABLE_OBJC_ARC = YES;
				CLANG_ENABLE_OBJC_WEAK = YES;
				CLANG_WARN_BLOCK_CAPTURE_AUTORELEASING = YES;
				CLANG_WARN_BOOL_CONVERSION = YES;
				CLANG_WARN_COMMA = YES;
				CLANG_WARN_CONSTANT_CONVERSION = YES;
				CLANG_WARN_DEPRECATED_OBJC_IMPLEMENTATIONS = YES;
				CLANG_WARN_DIRECT_OBJC_ISA_USAGE = YES_ERROR;
				CLANG_WARN_DOCUMENTATION_COMMENTS = YES;
				CLANG_WARN_EMPTY_BODY = YES;
				CLANG_WARN_ENUM_CONVERSION = YES;
				CLANG_WARN_INFINITE_RECURSION = YES;
				CLANG_WARN_INT_CONVERSION = YES;
				CLANG_WARN_NON_LITERAL_NULL_CONVERSION = YES;
				CLANG_WARN_OBJC_IMPLICIT_RETAIN_SELF = YES;
				CLANG_WARN_OBJC_LITERAL_CONVERSION = YES;
				CLANG_WARN_OBJC_ROOT_CLASS = YES_ERROR;
				CLANG_WARN_QUOTED_INCLUDE_IN_FRAMEWORK_HEADER = YES;
				CLANG_WARN_RANGE_LOOP_ANALYSIS = YES;
				CLANG_WARN_STRICT_PROTOTYPES = YES;
				CLANG_WARN_SUSPICIOUS_MOVE = YES;
				CLANG_WARN_UNGUARDED_AVAILABILITY = YES_AGGRESSIVE;
				CLANG_WARN_UNREACHABLE_CODE = YES;
				CLANG_WARN__DUPLICATE_METHOD_MATCH = YES;
				COPY_PHASE_STRIP = NO;
				DEBUG_INFORMATION_FORMAT = dwarf;
				ENABLE_STRICT_OBJC_MSGSEND = YES;
				ENABLE_TESTABILITY = YES;
				GCC_C_LANGUAGE_STANDARD = gnu11;
				GCC_DYNAMIC_NO_PIC = NO;
				GCC_NO_COMMON_BLOCKS = YES;
				GCC_OPTIMIZATION_LEVEL = 0;
				GCC_PREPROCESSOR_DEFINITIONS = (
					"DEBUG=1",
					"$(inherited)",
				);
				GCC_WARN_64_TO_32_BIT_CONVERSION = YES;
				GCC_WARN_ABOUT_RETURN_TYPE = YES_ERROR;
				GCC_WARN_UNDECLARED_SELECTOR = YES;
				GCC_WARN_UNINITIALIZED_AUTOS = YES_AGGRESSIVE;
				GCC_WARN_UNUSED_FUNCTION = YES;
				GCC_WARN_UNUSED_VARIABLE = YES;
				IPHONEOS_DEPLOYMENT_TARGET = 15.2;
				MTL_ENABLE_DEBUG_INFO = INCLUDE_SOURCE;
				MTL_FAST_MATH = YES;
				ONLY_ACTIVE_ARCH = YES;
				SDKROOT = iphoneos;
				SWIFT_ACTIVE_COMPILATION_CONDITIONS = DEBUG;
				SWIFT_OPTIMIZATION_LEVEL = "-Onone";
			};
			name = Debug;
		};
		AC2D7BF0280E53220044AE25 /* Release */ = {
			isa = XCBuildConfiguration;
			buildSettings = {
				ALWAYS_SEARCH_USER_PATHS = NO;
				CLANG_ANALYZER_NONNULL = YES;
				CLANG_ANALYZER_NUMBER_OBJECT_CONVERSION = YES_AGGRESSIVE;
				CLANG_CXX_LANGUAGE_STANDARD = "gnu++17";
				CLANG_CXX_LIBRARY = "libc++";
				CLANG_ENABLE_MODULES = YES;
				CLANG_ENABLE_OBJC_ARC = YES;
				CLANG_ENABLE_OBJC_WEAK = YES;
				CLANG_WARN_BLOCK_CAPTURE_AUTORELEASING = YES;
				CLANG_WARN_BOOL_CONVERSION = YES;
				CLANG_WARN_COMMA = YES;
				CLANG_WARN_CONSTANT_CONVERSION = YES;
				CLANG_WARN_DEPRECATED_OBJC_IMPLEMENTATIONS = YES;
				CLANG_WARN_DIRECT_OBJC_ISA_USAGE = YES_ERROR;
				CLANG_WARN_DOCUMENTATION_COMMENTS = YES;
				CLANG_WARN_EMPTY_BODY = YES;
				CLANG_WARN_ENUM_CONVERSION = YES;
				CLANG_WARN_INFINITE_RECURSION = YES;
				CLANG_WARN_INT_CONVERSION = YES;
				CLANG_WARN_NON_LITERAL_NULL_CONVERSION = YES;
				CLANG_WARN_OBJC_IMPLICIT_RETAIN_SELF = YES;
				CLANG_WARN_OBJC_LITERAL_CONVERSION = YES;
				CLANG_WARN_OBJC_ROOT_CLASS = YES_ERROR;
				CLANG_WARN_QUOTED_INCLUDE_IN_FRAMEWORK_HEADER = YES;
				CLANG_WARN_RANGE_LOOP_ANALYSIS = YES;
				CLANG_WARN_STRICT_PROTOTYPES = YES;
				CLANG_WARN_SUSPICIOUS_MOVE = YES;
				CLANG_WARN_UNGUARDED_AVAILABILITY = YES_AGGRESSIVE;
				CLANG_WARN_UNREACHABLE_CODE = YES;
				CLANG_WARN__DUPLICATE_METHOD_MATCH = YES;
				COPY_PHASE_STRIP = NO;
				DEBUG_INFORMATION_FORMAT = "dwarf-with-dsym";
				ENABLE_NS_ASSERTIONS = NO;
				ENABLE_STRICT_OBJC_MSGSEND = YES;
				GCC_C_LANGUAGE_STANDARD = gnu11;
				GCC_NO_COMMON_BLOCKS = YES;
				GCC_WARN_64_TO_32_BIT_CONVERSION = YES;
				GCC_WARN_ABOUT_RETURN_TYPE = YES_ERROR;
				GCC_WARN_UNDECLARED_SELECTOR = YES;
				GCC_WARN_UNINITIALIZED_AUTOS = YES_AGGRESSIVE;
				GCC_WARN_UNUSED_FUNCTION = YES;
				GCC_WARN_UNUSED_VARIABLE = YES;
				IPHONEOS_DEPLOYMENT_TARGET = 15.2;
				MTL_ENABLE_DEBUG_INFO = NO;
				MTL_FAST_MATH = YES;
				SDKROOT = iphoneos;
				SWIFT_COMPILATION_MODE = wholemodule;
				SWIFT_OPTIMIZATION_LEVEL = "-O";
				VALIDATE_PRODUCT = YES;
			};
			name = Release;
		};
		AC2D7BF2280E53220044AE25 /* Debug */ = {
			isa = XCBuildConfiguration;
			baseConfigurationReference = 092E53D4ED9DB2C808164696 /* Pods-wechat_moments.debug.xcconfig */;
			buildSettings = {
				ASSETCATALOG_COMPILER_APPICON_NAME = AppIcon;
				ASSETCATALOG_COMPILER_GLOBAL_ACCENT_COLOR_NAME = AccentColor;
				CODE_SIGN_STYLE = Automatic;
				CURRENT_PROJECT_VERSION = 1;
				GENERATE_INFOPLIST_FILE = YES;
				INFOPLIST_FILE = wechat_moments/Info.plist;
				INFOPLIST_KEY_UIApplicationSupportsIndirectInputEvents = YES;
				INFOPLIST_KEY_UILaunchStoryboardName = LaunchScreen;
				INFOPLIST_KEY_UISupportedInterfaceOrientations = "";
				INFOPLIST_KEY_UISupportedInterfaceOrientations_iPad = "UIInterfaceOrientationPortrait UIInterfaceOrientationPortraitUpsideDown UIInterfaceOrientationLandscapeLeft UIInterfaceOrientationLandscapeRight";
				INFOPLIST_KEY_UISupportedInterfaceOrientations_iPhone = "UIInterfaceOrientationPortrait UIInterfaceOrientationLandscapeLeft UIInterfaceOrientationLandscapeRight";
				LD_RUNPATH_SEARCH_PATHS = (
					"$(inherited)",
					"@executable_path/Frameworks",
				);
				MARKETING_VERSION = 1.0;
				PRODUCT_BUNDLE_IDENTIFIER = "Sixiao-he.wechat-moments";
				PRODUCT_NAME = "$(TARGET_NAME)";
				SWIFT_EMIT_LOC_STRINGS = YES;
				SWIFT_VERSION = 5.0;
				TARGETED_DEVICE_FAMILY = "1,2";
			};
			name = Debug;
		};
		AC2D7BF3280E53220044AE25 /* Release */ = {
			isa = XCBuildConfiguration;
			baseConfigurationReference = 367037EA6F2DDAFCB0AC29BC /* Pods-wechat_moments.release.xcconfig */;
			buildSettings = {
				ASSETCATALOG_COMPILER_APPICON_NAME = AppIcon;
				ASSETCATALOG_COMPILER_GLOBAL_ACCENT_COLOR_NAME = AccentColor;
				CODE_SIGN_STYLE = Automatic;
				CURRENT_PROJECT_VERSION = 1;
				GENERATE_INFOPLIST_FILE = YES;
				INFOPLIST_FILE = wechat_moments/Info.plist;
				INFOPLIST_KEY_UIApplicationSupportsIndirectInputEvents = YES;
				INFOPLIST_KEY_UILaunchStoryboardName = LaunchScreen;
				INFOPLIST_KEY_UISupportedInterfaceOrientations = "";
				INFOPLIST_KEY_UISupportedInterfaceOrientations_iPad = "UIInterfaceOrientationPortrait UIInterfaceOrientationPortraitUpsideDown UIInterfaceOrientationLandscapeLeft UIInterfaceOrientationLandscapeRight";
				INFOPLIST_KEY_UISupportedInterfaceOrientations_iPhone = "UIInterfaceOrientationPortrait UIInterfaceOrientationLandscapeLeft UIInterfaceOrientationLandscapeRight";
				LD_RUNPATH_SEARCH_PATHS = (
					"$(inherited)",
					"@executable_path/Frameworks",
				);
				MARKETING_VERSION = 1.0;
				PRODUCT_BUNDLE_IDENTIFIER = "Sixiao-he.wechat-moments";
				PRODUCT_NAME = "$(TARGET_NAME)";
				SWIFT_EMIT_LOC_STRINGS = YES;
				SWIFT_VERSION = 5.0;
				TARGETED_DEVICE_FAMILY = "1,2";
			};
			name = Release;
		};
		AC2D7BF5280E53220044AE25 /* Debug */ = {
			isa = XCBuildConfiguration;
			baseConfigurationReference = 829DC68F72A19FC84B774A86 /* Pods-wechat_momentsTests.debug.xcconfig */;
			buildSettings = {
				ALWAYS_EMBED_SWIFT_STANDARD_LIBRARIES = YES;
				BUNDLE_LOADER = "$(TEST_HOST)";
				CODE_SIGN_STYLE = Automatic;
				CURRENT_PROJECT_VERSION = 1;
				GENERATE_INFOPLIST_FILE = YES;
				IPHONEOS_DEPLOYMENT_TARGET = 15.2;
				MARKETING_VERSION = 1.0;
				PRODUCT_BUNDLE_IDENTIFIER = "Sixiao-he.wechat-momentsTests";
				PRODUCT_NAME = "$(TARGET_NAME)";
				SWIFT_EMIT_LOC_STRINGS = NO;
				SWIFT_VERSION = 5.0;
				TARGETED_DEVICE_FAMILY = "1,2";
				TEST_HOST = "$(BUILT_PRODUCTS_DIR)/wechat_moments.app/wechat_moments";
			};
			name = Debug;
		};
		AC2D7BF6280E53220044AE25 /* Release */ = {
			isa = XCBuildConfiguration;
			baseConfigurationReference = 2DFF41164EFF3B3EF377A1BA /* Pods-wechat_momentsTests.release.xcconfig */;
			buildSettings = {
				ALWAYS_EMBED_SWIFT_STANDARD_LIBRARIES = YES;
				BUNDLE_LOADER = "$(TEST_HOST)";
				CODE_SIGN_STYLE = Automatic;
				CURRENT_PROJECT_VERSION = 1;
				GENERATE_INFOPLIST_FILE = YES;
				IPHONEOS_DEPLOYMENT_TARGET = 15.2;
				MARKETING_VERSION = 1.0;
				PRODUCT_BUNDLE_IDENTIFIER = "Sixiao-he.wechat-momentsTests";
				PRODUCT_NAME = "$(TARGET_NAME)";
				SWIFT_EMIT_LOC_STRINGS = NO;
				SWIFT_VERSION = 5.0;
				TARGETED_DEVICE_FAMILY = "1,2";
				TEST_HOST = "$(BUILT_PRODUCTS_DIR)/wechat_moments.app/wechat_moments";
			};
			name = Release;
		};
		AC2D7BF8280E53220044AE25 /* Debug */ = {
			isa = XCBuildConfiguration;
			baseConfigurationReference = 3D83B14C420EAC0390CFC8FA /* Pods-wechat_moments-wechat_momentsUITests.debug.xcconfig */;
			buildSettings = {
				ALWAYS_EMBED_SWIFT_STANDARD_LIBRARIES = YES;
				CODE_SIGN_STYLE = Automatic;
				CURRENT_PROJECT_VERSION = 1;
				GENERATE_INFOPLIST_FILE = YES;
				MARKETING_VERSION = 1.0;
				PRODUCT_BUNDLE_IDENTIFIER = "Sixiao-he.wechat-momentsUITests";
				PRODUCT_NAME = "$(TARGET_NAME)";
				SWIFT_EMIT_LOC_STRINGS = NO;
				SWIFT_VERSION = 5.0;
				TARGETED_DEVICE_FAMILY = "1,2";
				TEST_TARGET_NAME = wechat_moments;
			};
			name = Debug;
		};
		AC2D7BF9280E53220044AE25 /* Release */ = {
			isa = XCBuildConfiguration;
			baseConfigurationReference = F241936CB0ADC6CCB9B41FD1 /* Pods-wechat_moments-wechat_momentsUITests.release.xcconfig */;
			buildSettings = {
				ALWAYS_EMBED_SWIFT_STANDARD_LIBRARIES = YES;
				CODE_SIGN_STYLE = Automatic;
				CURRENT_PROJECT_VERSION = 1;
				GENERATE_INFOPLIST_FILE = YES;
				MARKETING_VERSION = 1.0;
				PRODUCT_BUNDLE_IDENTIFIER = "Sixiao-he.wechat-momentsUITests";
				PRODUCT_NAME = "$(TARGET_NAME)";
				SWIFT_EMIT_LOC_STRINGS = NO;
				SWIFT_VERSION = 5.0;
				TARGETED_DEVICE_FAMILY = "1,2";
				TEST_TARGET_NAME = wechat_moments;
			};
			name = Release;
		};
/* End XCBuildConfiguration section */

/* Begin XCConfigurationList section */
		AC2D7BC2280E531C0044AE25 /* Build configuration list for PBXProject "wechat_moments" */ = {
			isa = XCConfigurationList;
			buildConfigurations = (
				AC2D7BEF280E53220044AE25 /* Debug */,
				AC2D7BF0280E53220044AE25 /* Release */,
			);
			defaultConfigurationIsVisible = 0;
			defaultConfigurationName = Release;
		};
		AC2D7BF1280E53220044AE25 /* Build configuration list for PBXNativeTarget "wechat_moments" */ = {
			isa = XCConfigurationList;
			buildConfigurations = (
				AC2D7BF2280E53220044AE25 /* Debug */,
				AC2D7BF3280E53220044AE25 /* Release */,
			);
			defaultConfigurationIsVisible = 0;
			defaultConfigurationName = Release;
		};
		AC2D7BF4280E53220044AE25 /* Build configuration list for PBXNativeTarget "wechat_momentsTests" */ = {
			isa = XCConfigurationList;
			buildConfigurations = (
				AC2D7BF5280E53220044AE25 /* Debug */,
				AC2D7BF6280E53220044AE25 /* Release */,
			);
			defaultConfigurationIsVisible = 0;
			defaultConfigurationName = Release;
		};
		AC2D7BF7280E53220044AE25 /* Build configuration list for PBXNativeTarget "wechat_momentsUITests" */ = {
			isa = XCConfigurationList;
			buildConfigurations = (
				AC2D7BF8280E53220044AE25 /* Debug */,
				AC2D7BF9280E53220044AE25 /* Release */,
			);
			defaultConfigurationIsVisible = 0;
			defaultConfigurationName = Release;
		};
/* End XCConfigurationList section */
	};
	rootObject = AC2D7BBF280E531C0044AE25 /* Project object */;
}
